{
  "lockfileVersion": 1,
  "configVersion": 1,
  "workspaces": {
    "": {
      "name": "bun-react-template",
      "dependencies": {
        "react": "^19",
        "react-dom": "^19",
      },
      "devDependencies": {
        "@types/bun": "1.3.10",
        "@types/react": "^19.2.13",
        "@types/react-dom": "^19",
        "@typescript/native-preview": "^7.0.0-dev.20260312.1",
        "oxfmt": "^0.39.0",
        "oxlint": "^1.54.0",
      },
    },
  },
  "packages": {
    "@oxfmt/binding-android-arm-eabi": ["@oxfmt/binding-android-arm-eabi@0.39.0", "", { "os": "android", "cpu": "arm" }, "sha512-enIyVwjNoZx12pQ91TxrK0ejXDGqLN24uXURU+VQa9alk4+HveHpTLA5lLzsKXf/SpHHYvjQPWyrNi7d00gHBQ=="],

    "@oxfmt/binding-android-arm64": ["@oxfmt/binding-android-arm64@0.39.0", "", { "os": "android", "cpu": "arm64" }, "sha512-kscvXNGZx4kFySqqdnk6f2/REU+GL6QbB8vit5p2MKG4XIndyWQJI0jir15XBkrCotre49LpFMVL0NXcB80ulQ=="],

    "@oxfmt/binding-darwin-arm64": ["@oxfmt/binding-darwin-arm64@0.39.0", "", { "os": "darwin", "cpu": "arm64" }, "sha512-dKT57QEyVcXKVdZSPiAh3zHzzXYHwxWH6kZf/7p3bEZURtL/2XPA/9DKhxaOTM15fzGSqRdArW0JAWZf61Vqlw=="],

    "@oxfmt/binding-darwin-x64": ["@oxfmt/binding-darwin-x64@0.39.0", "", { "os": "darwin", "cpu": "x64" }, "sha512-d4guOmZ1zO1RYLQopjhTNrBwPQiJdHr7r6jmvjODoFEbf1Y8IbIMNr0q3umqIdGMXiHVl53w5Cgg42fUlJeg+A=="],

    "@oxfmt/binding-freebsd-x64": ["@oxfmt/binding-freebsd-x64@0.39.0", "", { "os": "freebsd", "cpu": "x64" }, "sha512-jviIyNMsqSDcZyhvmuOr61t6R1P+IXAooy4rWw9a3cpsCyrvDXVoCta4MXSZyKsIO+DSR07IfgKfMFHKdouPtQ=="],

    "@oxfmt/binding-linux-arm-gnueabihf": ["@oxfmt/binding-linux-arm-gnueabihf@0.39.0", "", { "os": "linux", "cpu": "arm" }, "sha512-Dfl4dobqRQZmOc7fO3MD6/hE0ZMR3winJz8esSzpfFPxtzHX1ANpsTy3vMZZAgsgnLK/RtCOpmzmx+I40PNwXA=="],

    "@oxfmt/binding-linux-arm-musleabihf": ["@oxfmt/binding-linux-arm-musleabihf@0.39.0", "", { "os": "linux", "cpu": "arm" }, "sha512-yBVZL29Q38p+pTzNbPJ7SwX6t5dAve3qaCcn60RqBbfIqfLLXH/lZiBZYRfUPjOXRs4pHUPD+zdWkz1N5LZ6og=="],

    "@oxfmt/binding-linux-arm64-gnu": ["@oxfmt/binding-linux-arm64-gnu@0.39.0", "", { "os": "linux", "cpu": "arm64" }, "sha512-MJviq+mUKAexYHyYxbAvR9CPqb7Xg/GO/cdRNA45ECZkut8+eSRAAXUTZn6q9BMKGiCN53UaDWgfBw0mZwGouA=="],

    "@oxfmt/binding-linux-arm64-musl": ["@oxfmt/binding-linux-arm64-musl@0.39.0", "", { "os": "linux", "cpu": "arm64" }, "sha512-CIX0CGVl0Y+V/8PnFmkbzmDAdK+KA5v4zJSxFF+Ih/mYZBDI0qGY/HUFojiE3ijy+kL0hDDRnnpksadfYmYOEg=="],

    "@oxfmt/binding-linux-ppc64-gnu": ["@oxfmt/binding-linux-ppc64-gnu@0.39.0", "", { "os": "linux", "cpu": "ppc64" }, "sha512-NZnZFF0w/iBQPo6T2wBE0qg80zwyqHCLi24LfIkbC58MdwuK4VxyC1E4n7h2v7hwhZzEA8O+yPlKEY/4rh/bJw=="],

    "@oxfmt/binding-linux-riscv64-gnu": ["@oxfmt/binding-linux-riscv64-gnu@0.39.0", "", { "os": "linux", "cpu": "none" }, "sha512-8ezj6nHipPmHpe9FYN1qBnaBeNu4O3Spy1XjkY84ez9Hkf8v4a2+EWM2CQJ+X+O2rEWa0Urhq0cjTgKj44MnpA=="],

    "@oxfmt/binding-linux-riscv64-musl": ["@oxfmt/binding-linux-riscv64-musl@0.39.0", "", { "os": "linux", "cpu": "none" }, "sha512-+CRT4jICyoa6dVOhePt1JLPtZrUJ3s7wPZa3RQaCyCdcv4K/XeteBJOuvoA04D8xdXC7PFvK6mI0lXIbvwC5uw=="],

    "@oxfmt/binding-linux-s390x-gnu": ["@oxfmt/binding-linux-s390x-gnu@0.39.0", "", { "os": "linux", "cpu": "s390x" }, "sha512-/nbP1kmBKkfyAFpJrGEOtRylUq2hSgg4m7HhyypSMHGBpRbN8jtwKOe1CGjvWwVtU55qr/Q5rhTbvqPyPIy2Zg=="],

    "@oxfmt/binding-linux-x64-gnu": ["@oxfmt/binding-linux-x64-gnu@0.39.0", "", { "os": "linux", "cpu": "x64" }, "sha512-3LBXR4MTvZQF9/ZiRntxwe9IigZ3WLaOvr5OiJt0pSchHy1W57KbKNGDR0opZ+kvNY+LUkh59c6PK/UE2DPZUg=="],

    "@oxfmt/binding-linux-x64-musl": ["@oxfmt/binding-linux-x64-musl@0.39.0", "", { "os": "linux", "cpu": "x64" }, "sha512-c3T2LmlVY+T01HotrrsgiGsz1y4TnYwq32FlrzC4QoBkIxlNmTsUW62sXgtVgAeqsWI6jWGW8BuVuVaivKWTXA=="],

    "@oxfmt/binding-openharmony-arm64": ["@oxfmt/binding-openharmony-arm64@0.39.0", "", { "os": "none", "cpu": "arm64" }, "sha512-82K31n9r5g9i2hwDfcnON9JgsPX/VX6xy1oQOoPFIdnjHio/rVng2O9XThhLaRpZ4O8+112TJ/wyPNTRVRYQ8w=="],

    "@oxfmt/binding-win32-arm64-msvc": ["@oxfmt/binding-win32-arm64-msvc@0.39.0", "", { "os": "win32", "cpu": "arm64" }, "sha512-SoXi6yKkU1Sx4ze106HQLk2cc4b88K7C1U/e+kDLijPi3Nfy8iv8QosKbBTDydjaR2gC9nKCG1HBQBEdmBGamA=="],

    "@oxfmt/binding-win32-ia32-msvc": ["@oxfmt/binding-win32-ia32-msvc@0.39.0", "", { "os": "win32", "cpu": "ia32" }, "sha512-6+j6ratBH2mpeZX9/QrURVoY7HlDwyohFAnHp2OhtbV2SRiDj61jnkjqSfoTGOGcPUAajSVXf+JcXz9/PcuNaQ=="],

    "@oxfmt/binding-win32-x64-msvc": ["@oxfmt/binding-win32-x64-msvc@0.39.0", "", { "os": "win32", "cpu": "x64" }, "sha512-VXoQUsHtTJWm8ThfdvEW6T3jgV4IHsTybXMu8cViNxSGno4kNd3cSFYzKpDvDxJod88RInSE9sD5YEOqur7flA=="],

    "@oxlint/binding-android-arm-eabi": ["@oxlint/binding-android-arm-eabi@1.54.0", "", { "os": "android", "cpu": "arm" }, "sha512-khWlVXUa4CPvp4eXnj7/TUNeyiarwvTEmZggylPIPUCSWgPqUBFGElIBa9xKNCQt4pb+WSGArCNEAy22ekQQxg=="],

    "@oxlint/binding-android-arm64": ["@oxlint/binding-android-arm64@1.54.0", "", { "os": "android", "cpu": "arm64" }, "sha512-p3qEVSDVmyducpI9ORTJNbaMyXfICidDXGaf3WwyDyiXPExyZdfc6UsPepGPxImlfFJs5kxOCPqP4ut12Ed9pg=="],

    "@oxlint/binding-darwin-arm64": ["@oxlint/binding-darwin-arm64@1.54.0", "", { "os": "darwin", "cpu": "arm64" }, "sha512-tUQ+vn/AL2P2Rz6cl3gsFA+4pMBFMRR0e6AVePoezV9iGTSMZUXIf0YWHq203bwNDXcY04vSXDqPB6E1b9WULA=="],

    "@oxlint/binding-darwin-x64": ["@oxlint/binding-darwin-x64@1.54.0", "", { "os": "darwin", "cpu": "x64" }, "sha512-9tzH/OLGZCzVGEXW0D3I0OrQOOWciHYWV9mcxjqqQE6f1DMOXT23mWj5/OQtqhW3E1VfHf0uf2MzMbM2gboPlA=="],

    "@oxlint/binding-freebsd-x64": ["@oxlint/binding-freebsd-x64@1.54.0", "", { "os": "freebsd", "cpu": "x64" }, "sha512-XelGa+x7vC9epF5JzXWHaQtdxqcL5R+H2WcEkr+JDkfmY3dAXVLa+51qW3+MWt7CZanakaOyhraLzdM32pWFfg=="],

    "@oxlint/binding-linux-arm-gnueabihf": ["@oxlint/binding-linux-arm-gnueabihf@1.54.0", "", { "os": "linux", "cpu": "arm" }, "sha512-t5FubAU899vMF+6rBtxDewkwSAeFn8OUCKb/+jJ1XqPU0FTR+RffnTfXafVE8WXw39eN4pzUK3rkxUWlcsFuaw=="],

    "@oxlint/binding-linux-arm-musleabihf": ["@oxlint/binding-linux-arm-musleabihf@1.54.0", "", { "os": "linux", "cpu": "arm" }, "sha512-Du6cwkoMRi9DAgITzQpzS1QaEqE+5BP3Tfgr1yPy3C034n6IHISCwf4KMB+wojg8FE/kYvrJDibT0ENdcR3jUg=="],

    "@oxlint/binding-linux-arm64-gnu": ["@oxlint/binding-linux-arm64-gnu@1.54.0", "", { "os": "linux", "cpu": "arm64" }, "sha512-R4PjJ1lfghsVBuAegW79jkvUWbN8P4F28KaKbM72dW6ZWTYMg6M0pkTilXFZ+q/mb8f0MEyR1rO16useoa6KTA=="],

    "@oxlint/binding-linux-arm64-musl": ["@oxlint/binding-linux-arm64-musl@1.54.0", "", { "os": "linux", "cpu": "arm64" }, "sha512-WBNFe1foIFg6ipgzjzJfDLn7C5nZpLr/UHlnlT7GI3scCD2xpJiJTGMTTpJqA8p0Q1l2NsEnAOj9PtreF0Tkzg=="],

    "@oxlint/binding-linux-ppc64-gnu": ["@oxlint/binding-linux-ppc64-gnu@1.54.0", "", { "os": "linux", "cpu": "ppc64" }, "sha512-M+UAW76rZHHiYKKy4e7Te5MNikANiFhYWl0qYF1MTIhQczYIqWVDQ+SX0SzW8ipOB/oK3+enOvlvJuhMoA968Q=="],

    "@oxlint/binding-linux-riscv64-gnu": ["@oxlint/binding-linux-riscv64-gnu@1.54.0", "", { "os": "linux", "cpu": "none" }, "sha512-sGassljr8TR5F1WCqOaacrp3mYi107MnjkqlSXOMHACps7U2bL4v7M3RY7P7NMcGkNhzRHF3VO5+XyPWhTVM6w=="],

    "@oxlint/binding-linux-riscv64-musl": ["@oxlint/binding-linux-riscv64-musl@1.54.0", "", { "os": "linux", "cpu": "none" }, "sha512-mW5Z6XTO8QWtlUjlf6yjntarjnbrmGVSK/V6XYy2rjH8xUfv9pn9G1vO92DBBBi0eUwnVpcOY3hMkP851WZNWg=="],

    "@oxlint/binding-linux-s390x-gnu": ["@oxlint/binding-linux-s390x-gnu@1.54.0", "", { "os": "linux", "cpu": "s390x" }, "sha512-nfPmEGW9BfWEUD0PVXGaYa2RS4wVblofNih1gsyUoLSWSyliNisIWd7F+QXrDSL5SJ78BPZjDW6FainV8qRiTg=="],

    "@oxlint/binding-linux-x64-gnu": ["@oxlint/binding-linux-x64-gnu@1.54.0", "", { "os": "linux", "cpu": "x64" }, "sha512-gybxMQx4NN1T+pa8TLwgVS4u9H9Hxwm7Sl0qvnQJF2WRhNN1oTOCzkmmCBbW/29DYLeV99WU76zh7srCamK9yw=="],

    "@oxlint/binding-linux-x64-musl": ["@oxlint/binding-linux-x64-musl@1.54.0", "", { "os": "linux", "cpu": "x64" }, "sha512-EAXMh2w3pzSj/aiB67kXzcHIoKxAywC1i1IgxA1sLY7iffEaZowDTOJgirY7WxeR/WiiKwak89gPeh9wUdLnIw=="],

    "@oxlint/binding-openharmony-arm64": ["@oxlint/binding-openharmony-arm64@1.54.0", "", { "os": "none", "cpu": "arm64" }, "sha512-Ih7CfITkbw86+LjgV5gDwNmNQlvz7X+51gdeLLUDwuA/9lojDxCmRQEzeMl44KStQlwzCuNIcgGMae0MllV5ww=="],

    "@oxlint/binding-win32-arm64-msvc": ["@oxlint/binding-win32-arm64-msvc@1.54.0", "", { "os": "win32", "cpu": "arm64" }, "sha512-qGQ8KIEfdgwwJd09Nc0d5hzlHQAM0EMoshMzHG/nNlMAHXrY7RFyat6VbzjflifAFb7LPAw+Yw9AB8cfzR7L8g=="],

    "@oxlint/binding-win32-ia32-msvc": ["@oxlint/binding-win32-ia32-msvc@1.54.0", "", { "os": "win32", "cpu": "ia32" }, "sha512-GXos7N5oZIcIE8hlXgtUkI+y3frIqwiztx9p4+ZrpNgASbnIsxxy8bgLJqXE2SGCAdmtjBO1mdKhGTtVrb1jbg=="],

    "@oxlint/binding-win32-x64-msvc": ["@oxlint/binding-win32-x64-msvc@1.54.0", "", { "os": "win32", "cpu": "x64" }, "sha512-DVxSELcI72lmcODuVpO8uXkwuYPiA0hKMhBwNa8fO4+sIVxFvxugf/z6qrL+4PM8RjGWjdl8O/QqzuRWj9b5bA=="],

    "@types/bun": ["@types/bun@1.3.10", "", { "dependencies": { "bun-types": "1.3.10" } }, "sha512-0+rlrUrOrTSskibryHbvQkDOWRJwJZqZlxrUs1u4oOoTln8+WIXBPmAuCF35SWB2z4Zl3E84Nl/D0P7803nigQ=="],

    "@types/node": ["@types/node@25.3.5", "", { "dependencies": { "undici-types": "~7.18.0" } }, "sha512-oX8xrhvpiyRCQkG1MFchB09f+cXftgIXb3a7UUa4Y3wpmZPw5tyZGTLWhlESOLq1Rq6oDlc8npVU2/9xiCuXMA=="],

    "@types/react": ["@types/react@19.2.14", "", { "dependencies": { "csstype": "^3.2.2" } }, "sha512-ilcTH/UniCkMdtexkoCN0bI7pMcJDvmQFPvuPvmEaYA/NSfFTAgdUSLAoVjaRJm7+6PvcM+q1zYOwS4wTYMF9w=="],

    "@types/react-dom": ["@types/react-dom@19.2.3", "", { "peerDependencies": { "@types/react": "^19.2.0" } }, "sha512-jp2L/eY6fn+KgVVQAOqYItbF0VY/YApe5Mz2F0aykSO8gx31bYCZyvSeYxCHKvzHG5eZjc+zyaS5BrBWya2+kQ=="],

    "@typescript/native-preview": ["@typescript/native-preview@7.0.0-dev.20260312.1", "", { "optionalDependencies": { "@typescript/native-preview-darwin-arm64": "7.0.0-dev.20260312.1", "@typescript/native-preview-darwin-x64": "7.0.0-dev.20260312.1", "@typescript/native-preview-linux-arm": "7.0.0-dev.20260312.1", "@typescript/native-preview-linux-arm64": "7.0.0-dev.20260312.1", "@typescript/native-preview-linux-x64": "7.0.0-dev.20260312.1", "@typescript/native-preview-win32-arm64": "7.0.0-dev.20260312.1", "@typescript/native-preview-win32-x64": "7.0.0-dev.20260312.1" }, "bin": { "tsgo": "bin/tsgo.js" } }, "sha512-FwhlXG/yG0d7b2UmooBYyszLMpICRYdYGE6v65ZlMnH7cWKQyyFpMFgH9suRf3Np4QCbN+7qisj+F23kQOidVw=="],

    "@typescript/native-preview-darwin-arm64": ["@typescript/native-preview-darwin-arm64@7.0.0-dev.20260312.1", "", { "os": "darwin", "cpu": "arm64" }, "sha512-AhPdPuVe4osxWoeImS21jVhc0VJ2QnzLUZtEFMakY0Rf70C0b6il/m7hwRf9wkr9xXZLVOVJ1kYrpvQRuHFE0Q=="],

    "@typescript/native-preview-darwin-x64": ["@typescript/native-preview-darwin-x64@7.0.0-dev.20260312.1", "", { "os": "darwin", "cpu": "x64" }, "sha512-9I0P1/c/mQ6UVcQq7SYY/FJD23IN5T2y4GbSFOKQvzNVASV0tMnX4YV8YNf6b5jcwCzrVcrGNKKgWCj8xEFf8Q=="],

    "@typescript/native-preview-linux-arm": ["@typescript/native-preview-linux-arm@7.0.0-dev.20260312.1", "", { "os": "linux", "cpu": "arm" }, "sha512-/nAOhSLTxMJfHY+2cKdUxi2wYadf3g1GtC3VzgPfZMNxA28dJ8x75T26aSLaFYluh7cCSAwuGesCImijQDS2Lw=="],

    "@typescript/native-preview-linux-arm64": ["@typescript/native-preview-linux-arm64@7.0.0-dev.20260312.1", "", { "os": "linux", "cpu": "arm64" }, "sha512-xwoMywagcvx9F2ocM+ybeg7eH9PHDpx1FBGOrloL1/xkGC4BCrn/RcaAe0AhzXzoJfHHmg7Sz9VzYmTR4N1Kqw=="],

    "@typescript/native-preview-linux-x64": ["@typescript/native-preview-linux-x64@7.0.0-dev.20260312.1", "", { "os": "linux", "cpu": "x64" }, "sha512-vZs0LLpZw50Ac0TCmF9ND7KphJBhOfp9fxLhC+hFWaUU1iCQRjv1MtvroitF5OJKb21qFPJxkU+kfhlCRxLfqg=="],

    "@typescript/native-preview-win32-arm64": ["@typescript/native-preview-win32-arm64@7.0.0-dev.20260312.1", "", { "os": "win32", "cpu": "arm64" }, "sha512-4LY/gd9cj1xDY2nEthB7WDW4j/fIYJ9wp9H71nOLd0wNNtkfqRXWSkQEeb+RByhV+dIb/n6kWbQQMeNfk7q4VQ=="],

    "@typescript/native-preview-win32-x64": ["@typescript/native-preview-win32-x64@7.0.0-dev.20260312.1", "", { "os": "win32", "cpu": "x64" }, "sha512-EP2JPo9s9EPUwXSX83qTImlDHhgkLeBbJ2MMdj+XrfBltHAvHKktzeSS73UhP77s/TnTkJR6BTWHENKKvLRbGQ=="],

    "bun-types": ["bun-types@1.3.10", "", { "dependencies": { "@types/node": "*" } }, "sha512-tcpfCCl6XWo6nCVnpcVrxQ+9AYN1iqMIzgrSKYMB/fjLtV2eyAVEg7AxQJuCq/26R6HpKWykQXuSOq/21RYcbg=="],

    "csstype": ["csstype@3.2.3", "", {}, "sha512-z1HGKcYy2xA8AGQfwrn0PAy+PB7X/GSj3UVJW9qKyn43xWa+gl5nXmU4qqLMRzWVLFC8KusUX8T/0kCiOYpAIQ=="],

    "oxfmt": ["oxfmt@0.39.0", "", { "dependencies": { "tinypool": "2.1.0" }, "optionalDependencies": { "@oxfmt/binding-android-arm-eabi": "0.39.0", "@oxfmt/binding-android-arm64": "0.39.0", "@oxfmt/binding-darwin-arm64": "0.39.0", "@oxfmt/binding-darwin-x64": "0.39.0", "@oxfmt/binding-freebsd-x64": "0.39.0", "@oxfmt/binding-linux-arm-gnueabihf": "0.39.0", "@oxfmt/binding-linux-arm-musleabihf": "0.39.0", "@oxfmt/binding-linux-arm64-gnu": "0.39.0", "@oxfmt/binding-linux-arm64-musl": "0.39.0", "@oxfmt/binding-linux-ppc64-gnu": "0.39.0", "@oxfmt/binding-linux-riscv64-gnu": "0.39.0", "@oxfmt/binding-linux-riscv64-musl": "0.39.0", "@oxfmt/binding-linux-s390x-gnu": "0.39.0", "@oxfmt/binding-linux-x64-gnu": "0.39.0", "@oxfmt/binding-linux-x64-musl": "0.39.0", "@oxfmt/binding-openharmony-arm64": "0.39.0", "@oxfmt/binding-win32-arm64-msvc": "0.39.0", "@oxfmt/binding-win32-ia32-msvc": "0.39.0", "@oxfmt/binding-win32-x64-msvc": "0.39.0" }, "bin": { "oxfmt": "bin/oxfmt" } }, "sha512-OwfwFtNb0ImDUPTKiy4ew/t7WXjAqH11CsXmpXe3nxWX5/4WntswrpC8DYsFfHt6jVvyQHXTYUOudT1ayB/cPw=="],

    "oxlint": ["oxlint@1.54.0", "", { "optionalDependencies": { "@oxlint/binding-android-arm-eabi": "1.54.0", "@oxlint/binding-android-arm64": "1.54.0", "@oxlint/binding-darwin-arm64": "1.54.0", "@oxlint/binding-darwin-x64": "1.54.0", "@oxlint/binding-freebsd-x64": "1.54.0", "@oxlint/binding-linux-arm-gnueabihf": "1.54.0", "@oxlint/binding-linux-arm-musleabihf": "1.54.0", "@oxlint/binding-linux-arm64-gnu": "1.54.0", "@oxlint/binding-linux-arm64-musl": "1.54.0", "@oxlint/binding-linux-ppc64-gnu": "1.54.0", "@oxlint/binding-linux-riscv64-gnu": "1.54.0", "@oxlint/binding-linux-riscv64-musl": "1.54.0", "@oxlint/binding-linux-s390x-gnu": "1.54.0", "@oxlint/binding-linux-x64-gnu": "1.54.0", "@oxlint/binding-linux-x64-musl": "1.54.0", "@oxlint/binding-openharmony-arm64": "1.54.0", "@oxlint/binding-win32-arm64-msvc": "1.54.0", "@oxlint/binding-win32-ia32-msvc": "1.54.0", "@oxlint/binding-win32-x64-msvc": "1.54.0" }, "peerDependencies": { "oxlint-tsgolint": ">=0.15.0" }, "optionalPeers": ["oxlint-tsgolint"], "bin": { "oxlint": "bin/oxlint" } }, "sha512-ObSjVwf0ZYA5U5Cmelj0PsCuqCJXsm2TxZ40tgUSAY7Wu0lKAsNjor6cgXHXSys8jOwv1ICjtzouoWHdKGHbZg=="],

    "react": ["react@19.2.4", "", {}, "sha512-9nfp2hYpCwOjAN+8TZFGhtWEwgvWHXqESH8qT89AT/lWklpLON22Lc8pEtnpsZz7VmawabSU0gCjnj8aC0euHQ=="],

    "react-dom": ["react-dom@19.2.4", "", { "dependencies": { "scheduler": "^0.27.0" }, "peerDependencies": { "react": "^19.2.4" } }, "sha512-AXJdLo8kgMbimY95O2aKQqsz2iWi9jMgKJhRBAxECE4IFxfcazB2LmzloIoibJI3C12IlY20+KFaLv+71bUJeQ=="],

    "scheduler": ["scheduler@0.27.0", "", {}, "sha512-eNv+WrVbKu1f3vbYJT/xtiF5syA5HPIMtf9IgY/nKg0sWqzAUEvqY/xm7OcZc/qafLx/iO9FgOmeSAp4v5ti/Q=="],

    "tinypool": ["tinypool@2.1.0", "", {}, "sha512-Pugqs6M0m7Lv1I7FtxN4aoyToKg1C4tu+/381vH35y8oENM/Ai7f7C4StcoK4/+BSw9ebcS8jRiVrORFKCALLw=="],

    "undici-types": ["undici-types@7.18.2", "", {}, "sha512-AsuCzffGHJybSaRrmr5eHr81mwJU3kjw6M+uprWvCXiNeN9SOGwQ3Jn8jb8m3Z6izVgknn1R0FTCEAP2QrLY/w=="],
  }
}
